
Microsoft Visual Studio Solution File, Format Version 12.00
# Visual Studio 15
VisualStudioVersion = 15.0.28307.421
MinimumVisualStudioVersion = 10.0.40219.1
Project("{2150E333-8FDC-42A3-9474-1A3956D46DE8}") = "MyStore.UI.MVC", "MyStore.UI.MVC", "{ACB74AAD-3715-4903-BEAB-4C123B2223CF}"
EndProject
Project("{2150E333-8FDC-42A3-9474-1A3956D46DE8}") = "MyStore.Infra.Data", "MyStore.Infra.Data", "{1BD4C77B-3FCB-48AE-94CA-6CCA14DC116B}"
EndProject
Project("{2150E333-8FDC-42A3-9474-1A3956D46DE8}") = "MyStore.Infra.Loc", "MyStore.Infra.Loc", "{B45D09A4-C4BD-484F-A122-3E2D729E2DBE}"
EndProject
Project("{2150E333-8FDC-42A3-9474-1A3956D46DE8}") = "MyStore.Domain", "MyStore.Domain", "{8C0B0C89-1B84-404D-89D2-73718717D31B}"
EndProject
Project("{2150E333-8FDC-42A3-9474-1A3956D46DE8}") = "MyStore.Application", "MyStore.Application", "{340439C1-DE23-42FA-922C-12E8C1727627}"
EndProject
Global
	GlobalSection(SolutionProperties) = preSolution
		HideSolutionNode = FALSE
	EndGlobalSection
	GlobalSection(ExtensibilityGlobals) = postSolution
		SolutionGuid = {6A5B9952-8D32-4B9C-87F1-F36FC84B3678}
	EndGlobalSection
EndGlobal
